// !$*UTF8*$!
{
	archiveVersion = 1;
	classes = {
	};
	objectVersion = 51;
	objects = {

/* Begin PBXBuildFile section */
		333F975445CD2141AEA803DC /* Pods_RickyAndMortyJamesTests.framework in Frameworks */ = {isa = PBXBuildFile; fileRef = 7112155765090BB0D18B39C5 /* Pods_RickyAndMortyJamesTests.framework */; };
		A0D06F857A24806922F8A481 /* Pods_RickyAndMortyJames.framework in Frameworks */ = {isa = PBXBuildFile; fileRef = 21E2B49211D30AE8BA87BFE2 /* Pods_RickyAndMortyJames.framework */; };
		B64945B3257FAF02009415D5 /* AppDelegate.swift in Sources */ = {isa = PBXBuildFile; fileRef = B64945B2257FAF02009415D5 /* AppDelegate.swift */; };
		B64945B5257FAF02009415D5 /* SceneDelegate.swift in Sources */ = {isa = PBXBuildFile; fileRef = B64945B4257FAF02009415D5 /* SceneDelegate.swift */; };
		B64945B7257FAF02009415D5 /* ViewController.swift in Sources */ = {isa = PBXBuildFile; fileRef = B64945B6257FAF02009415D5 /* ViewController.swift */; };
		B64945BC257FAF07009415D5 /* Assets.xcassets in Resources */ = {isa = PBXBuildFile; fileRef = B64945BB257FAF07009415D5 /* Assets.xcassets */; };
		B64945BF257FAF07009415D5 /* LaunchScreen.storyboard in Resources */ = {isa = PBXBuildFile; fileRef = B64945BD257FAF07009415D5 /* LaunchScreen.storyboard */; };
		B64945CA257FAF07009415D5 /* RickyAndMortyJamesTests.swift in Sources */ = {isa = PBXBuildFile; fileRef = B64945C9257FAF07009415D5 /* RickyAndMortyJamesTests.swift */; };
		B64945EC257FBCEF009415D5 /* MainScreenView.swift in Sources */ = {isa = PBXBuildFile; fileRef = B64945EB257FBCEF009415D5 /* MainScreenView.swift */; };
		B64945F1257FF319009415D5 /* Protocols.swift in Sources */ = {isa = PBXBuildFile; fileRef = B64945F0257FF319009415D5 /* Protocols.swift */; };
		B6494600258052C1009415D5 /* MainScreenViewSpec.swift in Sources */ = {isa = PBXBuildFile; fileRef = B64945FF258052C1009415D5 /* MainScreenViewSpec.swift */; };
		B64946332580E797009415D5 /* RickyAndMortyCharacterAPI.swift in Sources */ = {isa = PBXBuildFile; fileRef = B64946322580E797009415D5 /* RickyAndMortyCharacterAPI.swift */; };
		B64946372580E7C3009415D5 /* RickyAndMortyServiceResponse.swift in Sources */ = {isa = PBXBuildFile; fileRef = B64946362580E7C3009415D5 /* RickyAndMortyServiceResponse.swift */; };
		B649464625815A12009415D5 /* RequestParams.swift in Sources */ = {isa = PBXBuildFile; fileRef = B649464525815A12009415D5 /* RequestParams.swift */; };
		B649464A25815A23009415D5 /* APIResponse.swift in Sources */ = {isa = PBXBuildFile; fileRef = B649464925815A23009415D5 /* APIResponse.swift */; };
		B649464E25815A38009415D5 /* Result.swift in Sources */ = {isa = PBXBuildFile; fileRef = B649464D25815A38009415D5 /* Result.swift */; };
		B649465225815BAF009415D5 /* JSON.swift in Sources */ = {isa = PBXBuildFile; fileRef = B649465125815BAF009415D5 /* JSON.swift */; };
		B649465A258164B2009415D5 /* APIRoute.swift in Sources */ = {isa = PBXBuildFile; fileRef = B6494659258164B2009415D5 /* APIRoute.swift */; };
		B649466025816841009415D5 /* Parser.swift in Sources */ = {isa = PBXBuildFile; fileRef = B649465F25816841009415D5 /* Parser.swift */; };
		B649466D25816DA9009415D5 /* RickyAndMortyAPIClient.swift in Sources */ = {isa = PBXBuildFile; fileRef = B649466C25816DA9009415D5 /* RickyAndMortyAPIClient.swift */; };
		B64946A32586A5CB009415D5 /* ResponseHandler.swift in Sources */ = {isa = PBXBuildFile; fileRef = B64946A22586A5CB009415D5 /* ResponseHandler.swift */; };
		B64946A92586AC40009415D5 /* Errors.swift in Sources */ = {isa = PBXBuildFile; fileRef = B64946A82586AC40009415D5 /* Errors.swift */; };
		B64946AD2586AD08009415D5 /* APIError.swift in Sources */ = {isa = PBXBuildFile; fileRef = B64946AC2586AD08009415D5 /* APIError.swift */; };
		B64946B12586C846009415D5 /* RickyAndMortyAPIRoute.swift in Sources */ = {isa = PBXBuildFile; fileRef = B64946B02586C846009415D5 /* RickyAndMortyAPIRoute.swift */; };
		B64946E22586D5F0009415D5 /* RickyAndMortyAPIClientSpec.swift in Sources */ = {isa = PBXBuildFile; fileRef = B64946E12586D5EF009415D5 /* RickyAndMortyAPIClientSpec.swift */; };
		B64946E92586F022009415D5 /* DataModelResponse.swift in Sources */ = {isa = PBXBuildFile; fileRef = B64946E82586F021009415D5 /* DataModelResponse.swift */; };
		B64946ED2586F2B3009415D5 /* RickyAndMortyCharacterService.swift in Sources */ = {isa = PBXBuildFile; fileRef = B64946EC2586F2B3009415D5 /* RickyAndMortyCharacterService.swift */; };
		B649471F258777B7009415D5 /* RickyAndMortyLocationAPI.swift in Sources */ = {isa = PBXBuildFile; fileRef = B649471E258777B7009415D5 /* RickyAndMortyLocationAPI.swift */; };
		B6494725258777DC009415D5 /* RickyAndMortyLocationService.swift in Sources */ = {isa = PBXBuildFile; fileRef = B6494724258777DC009415D5 /* RickyAndMortyLocationService.swift */; };
		B649472B258777F7009415D5 /* RickyAndMortyEpisodeAPI.swift in Sources */ = {isa = PBXBuildFile; fileRef = B649472A258777F7009415D5 /* RickyAndMortyEpisodeAPI.swift */; };
		B649472F25877801009415D5 /* RickyAndMortyEpisodeService.swift in Sources */ = {isa = PBXBuildFile; fileRef = B649472E25877801009415D5 /* RickyAndMortyEpisodeService.swift */; };
/* End PBXBuildFile section */

/* Begin PBXContainerItemProxy section */
		B64945C6257FAF07009415D5 /* PBXContainerItemProxy */ = {
			isa = PBXContainerItemProxy;
			containerPortal = B64945A7257FAF02009415D5 /* Project object */;
			proxyType = 1;
			remoteGlobalIDString = B64945AE257FAF02009415D5;
			remoteInfo = RickyAndMortyJames;
		};
/* End PBXContainerItemProxy section */

/* Begin PBXFileReference section */
		1165B2AEE53BF0E1D0EA875F /* Pods-RickyAndMortyJamesTests.debug.xcconfig */ = {isa = PBXFileReference; includeInIndex = 1; lastKnownFileType = text.xcconfig; name = "Pods-RickyAndMortyJamesTests.debug.xcconfig"; path = "Target Support Files/Pods-RickyAndMortyJamesTests/Pods-RickyAndMortyJamesTests.debug.xcconfig"; sourceTree = "<group>"; };
		11B44EF4967B12BED219A138 /* Pods-RickyAndMortyJames.debug.xcconfig */ = {isa = PBXFileReference; includeInIndex = 1; lastKnownFileType = text.xcconfig; name = "Pods-RickyAndMortyJames.debug.xcconfig"; path = "Target Support Files/Pods-RickyAndMortyJames/Pods-RickyAndMortyJames.debug.xcconfig"; sourceTree = "<group>"; };
		21E2B49211D30AE8BA87BFE2 /* Pods_RickyAndMortyJames.framework */ = {isa = PBXFileReference; explicitFileType = wrapper.framework; includeInIndex = 0; path = Pods_RickyAndMortyJames.framework; sourceTree = BUILT_PRODUCTS_DIR; };
		6F00715543CFA3DCC5E10AC1 /* Pods-RickyAndMortyJames.release.xcconfig */ = {isa = PBXFileReference; includeInIndex = 1; lastKnownFileType = text.xcconfig; name = "Pods-RickyAndMortyJames.release.xcconfig"; path = "Target Support Files/Pods-RickyAndMortyJames/Pods-RickyAndMortyJames.release.xcconfig"; sourceTree = "<group>"; };
		7112155765090BB0D18B39C5 /* Pods_RickyAndMortyJamesTests.framework */ = {isa = PBXFileReference; explicitFileType = wrapper.framework; includeInIndex = 0; path = Pods_RickyAndMortyJamesTests.framework; sourceTree = BUILT_PRODUCTS_DIR; };
		A4443D97FEBAA80C5FC9ED1E /* Pods-RickyAndMortyJamesTests.release.xcconfig */ = {isa = PBXFileReference; includeInIndex = 1; lastKnownFileType = text.xcconfig; name = "Pods-RickyAndMortyJamesTests.release.xcconfig"; path = "Target Support Files/Pods-RickyAndMortyJamesTests/Pods-RickyAndMortyJamesTests.release.xcconfig"; sourceTree = "<group>"; };
		B64945AF257FAF02009415D5 /* RickyAndMortyJames.app */ = {isa = PBXFileReference; explicitFileType = wrapper.application; includeInIndex = 0; path = RickyAndMortyJames.app; sourceTree = BUILT_PRODUCTS_DIR; };
		B64945B2257FAF02009415D5 /* AppDelegate.swift */ = {isa = PBXFileReference; lastKnownFileType = sourcecode.swift; path = AppDelegate.swift; sourceTree = "<group>"; };
		B64945B4257FAF02009415D5 /* SceneDelegate.swift */ = {isa = PBXFileReference; lastKnownFileType = sourcecode.swift; path = SceneDelegate.swift; sourceTree = "<group>"; };
		B64945B6257FAF02009415D5 /* ViewController.swift */ = {isa = PBXFileReference; lastKnownFileType = sourcecode.swift; path = ViewController.swift; sourceTree = "<group>"; };
		B64945BB257FAF07009415D5 /* Assets.xcassets */ = {isa = PBXFileReference; lastKnownFileType = folder.assetcatalog; path = Assets.xcassets; sourceTree = "<group>"; };
		B64945BE257FAF07009415D5 /* Base */ = {isa = PBXFileReference; lastKnownFileType = file.storyboard; name = Base; path = Base.lproj/LaunchScreen.storyboard; sourceTree = "<group>"; };
		B64945C0257FAF07009415D5 /* Info.plist */ = {isa = PBXFileReference; lastKnownFileType = text.plist.xml; path = Info.plist; sourceTree = "<group>"; };
		B64945C5257FAF07009415D5 /* RickyAndMortyJamesTests.xctest */ = {isa = PBXFileReference; explicitFileType = wrapper.cfbundle; includeInIndex = 0; path = RickyAndMortyJamesTests.xctest; sourceTree = BUILT_PRODUCTS_DIR; };
		B64945C9257FAF07009415D5 /* RickyAndMortyJamesTests.swift */ = {isa = PBXFileReference; lastKnownFileType = sourcecode.swift; path = RickyAndMortyJamesTests.swift; sourceTree = "<group>"; };
		B64945CB257FAF07009415D5 /* Info.plist */ = {isa = PBXFileReference; lastKnownFileType = text.plist.xml; path = Info.plist; sourceTree = "<group>"; };
		B64945EB257FBCEF009415D5 /* MainScreenView.swift */ = {isa = PBXFileReference; lastKnownFileType = sourcecode.swift; path = MainScreenView.swift; sourceTree = "<group>"; };
		B64945F0257FF319009415D5 /* Protocols.swift */ = {isa = PBXFileReference; lastKnownFileType = sourcecode.swift; path = Protocols.swift; sourceTree = "<group>"; };
		B64945FF258052C1009415D5 /* MainScreenViewSpec.swift */ = {isa = PBXFileReference; lastKnownFileType = sourcecode.swift; path = MainScreenViewSpec.swift; sourceTree = "<group>"; };
		B64946322580E797009415D5 /* RickyAndMortyCharacterAPI.swift */ = {isa = PBXFileReference; lastKnownFileType = sourcecode.swift; path = RickyAndMortyCharacterAPI.swift; sourceTree = "<group>"; };
		B64946362580E7C3009415D5 /* RickyAndMortyServiceResponse.swift */ = {isa = PBXFileReference; lastKnownFileType = sourcecode.swift; path = RickyAndMortyServiceResponse.swift; sourceTree = "<group>"; };
		B649464525815A12009415D5 /* RequestParams.swift */ = {isa = PBXFileReference; lastKnownFileType = sourcecode.swift; path = RequestParams.swift; sourceTree = "<group>"; };
		B649464925815A23009415D5 /* APIResponse.swift */ = {isa = PBXFileReference; lastKnownFileType = sourcecode.swift; path = APIResponse.swift; sourceTree = "<group>"; };
		B649464D25815A38009415D5 /* Result.swift */ = {isa = PBXFileReference; lastKnownFileType = sourcecode.swift; path = Result.swift; sourceTree = "<group>"; };
		B649465125815BAF009415D5 /* JSON.swift */ = {isa = PBXFileReference; lastKnownFileType = sourcecode.swift; path = JSON.swift; sourceTree = "<group>"; };
		B6494659258164B2009415D5 /* APIRoute.swift */ = {isa = PBXFileReference; lastKnownFileType = sourcecode.swift; path = APIRoute.swift; sourceTree = "<group>"; };
		B649465F25816841009415D5 /* Parser.swift */ = {isa = PBXFileReference; lastKnownFileType = sourcecode.swift; path = Parser.swift; sourceTree = "<group>"; };
		B649466C25816DA9009415D5 /* RickyAndMortyAPIClient.swift */ = {isa = PBXFileReference; lastKnownFileType = sourcecode.swift; path = RickyAndMortyAPIClient.swift; sourceTree = "<group>"; };
		B64946A22586A5CB009415D5 /* ResponseHandler.swift */ = {isa = PBXFileReference; lastKnownFileType = sourcecode.swift; path = ResponseHandler.swift; sourceTree = "<group>"; };
		B64946A82586AC40009415D5 /* Errors.swift */ = {isa = PBXFileReference; lastKnownFileType = sourcecode.swift; path = Errors.swift; sourceTree = "<group>"; };
		B64946AC2586AD08009415D5 /* APIError.swift */ = {isa = PBXFileReference; lastKnownFileType = sourcecode.swift; path = APIError.swift; sourceTree = "<group>"; };
		B64946B02586C846009415D5 /* RickyAndMortyAPIRoute.swift */ = {isa = PBXFileReference; lastKnownFileType = sourcecode.swift; path = RickyAndMortyAPIRoute.swift; sourceTree = "<group>"; };
		B64946D22586D270009415D5 /* Playground.playground */ = {isa = PBXFileReference; lastKnownFileType = file.playground; path = Playground.playground; sourceTree = "<group>"; xcLanguageSpecificationIdentifier = xcode.lang.swift; };
		B64946E12586D5EF009415D5 /* RickyAndMortyAPIClientSpec.swift */ = {isa = PBXFileReference; lastKnownFileType = sourcecode.swift; path = RickyAndMortyAPIClientSpec.swift; sourceTree = "<group>"; };
		B64946E82586F021009415D5 /* DataModelResponse.swift */ = {isa = PBXFileReference; lastKnownFileType = sourcecode.swift; path = DataModelResponse.swift; sourceTree = "<group>"; };
		B64946EC2586F2B3009415D5 /* RickyAndMortyCharacterService.swift */ = {isa = PBXFileReference; lastKnownFileType = sourcecode.swift; path = RickyAndMortyCharacterService.swift; sourceTree = "<group>"; };
		B649471E258777B7009415D5 /* RickyAndMortyLocationAPI.swift */ = {isa = PBXFileReference; lastKnownFileType = sourcecode.swift; path = RickyAndMortyLocationAPI.swift; sourceTree = "<group>"; };
		B6494724258777DC009415D5 /* RickyAndMortyLocationService.swift */ = {isa = PBXFileReference; lastKnownFileType = sourcecode.swift; path = RickyAndMortyLocationService.swift; sourceTree = "<group>"; };
		B649472A258777F7009415D5 /* RickyAndMortyEpisodeAPI.swift */ = {isa = PBXFileReference; lastKnownFileType = sourcecode.swift; path = RickyAndMortyEpisodeAPI.swift; sourceTree = "<group>"; };
		B649472E25877801009415D5 /* RickyAndMortyEpisodeService.swift */ = {isa = PBXFileReference; lastKnownFileType = sourcecode.swift; path = RickyAndMortyEpisodeService.swift; sourceTree = "<group>"; };
/* End PBXFileReference section */

/* Begin PBXFrameworksBuildPhase section */
		B64945AC257FAF02009415D5 /* Frameworks */ = {
			isa = PBXFrameworksBuildPhase;
			buildActionMask = 2147483647;
			files = (
				A0D06F857A24806922F8A481 /* Pods_RickyAndMortyJames.framework in Frameworks */,
			);
			runOnlyForDeploymentPostprocessing = 0;
		};
		B64945C2257FAF07009415D5 /* Frameworks */ = {
			isa = PBXFrameworksBuildPhase;
			buildActionMask = 2147483647;
			files = (
				333F975445CD2141AEA803DC /* Pods_RickyAndMortyJamesTests.framework in Frameworks */,
			);
			runOnlyForDeploymentPostprocessing = 0;
		};
/* End PBXFrameworksBuildPhase section */

/* Begin PBXGroup section */
		06B271F90A202AFFA7FB2CAF /* Frameworks */ = {
			isa = PBXGroup;
			children = (
				21E2B49211D30AE8BA87BFE2 /* Pods_RickyAndMortyJames.framework */,
				7112155765090BB0D18B39C5 /* Pods_RickyAndMortyJamesTests.framework */,
			);
			name = Frameworks;
			sourceTree = "<group>";
		};
		B475440F4A7AC27D0AA7F4D7 /* Pods */ = {
			isa = PBXGroup;
			children = (
				11B44EF4967B12BED219A138 /* Pods-RickyAndMortyJames.debug.xcconfig */,
				6F00715543CFA3DCC5E10AC1 /* Pods-RickyAndMortyJames.release.xcconfig */,
				1165B2AEE53BF0E1D0EA875F /* Pods-RickyAndMortyJamesTests.debug.xcconfig */,
				A4443D97FEBAA80C5FC9ED1E /* Pods-RickyAndMortyJamesTests.release.xcconfig */,
			);
			path = Pods;
			sourceTree = "<group>";
		};
		B64945A6257FAF02009415D5 = {
			isa = PBXGroup;
			children = (
				B64945B1257FAF02009415D5 /* RickyAndMortyJames */,
				B64945C8257FAF07009415D5 /* RickyAndMortyJamesTests */,
				B64945B0257FAF02009415D5 /* Products */,
				B475440F4A7AC27D0AA7F4D7 /* Pods */,
				06B271F90A202AFFA7FB2CAF /* Frameworks */,
			);
			sourceTree = "<group>";
		};
		B64945B0257FAF02009415D5 /* Products */ = {
			isa = PBXGroup;
			children = (
				B64945AF257FAF02009415D5 /* RickyAndMortyJames.app */,
				B64945C5257FAF07009415D5 /* RickyAndMortyJamesTests.xctest */,
			);
			name = Products;
			sourceTree = "<group>";
		};
		B64945B1257FAF02009415D5 /* RickyAndMortyJames */ = {
			isa = PBXGroup;
			children = (
				B649470625877637009415D5 /* Models */,
				B649470925877649009415D5 /* View */,
				B649470C258776AD009415D5 /* Controllers */,
				B64946D22586D270009415D5 /* Playground.playground */,
				B64945BB257FAF07009415D5 /* Assets.xcassets */,
				B64945BD257FAF07009415D5 /* LaunchScreen.storyboard */,
				B64945C0257FAF07009415D5 /* Info.plist */,
			);
			path = RickyAndMortyJames;
			sourceTree = "<group>";
		};
		B64945C8257FAF07009415D5 /* RickyAndMortyJamesTests */ = {
			isa = PBXGroup;
			children = (
				B64946E02586D5C0009415D5 /* API */,
				B64945C9257FAF07009415D5 /* RickyAndMortyJamesTests.swift */,
				B64945CB257FAF07009415D5 /* Info.plist */,
				B64945FF258052C1009415D5 /* MainScreenViewSpec.swift */,
			);
			path = RickyAndMortyJamesTests;
			sourceTree = "<group>";
		};
		B649462425805E2F009415D5 /* Protocols */ = {
			isa = PBXGroup;
			children = (
				B64945F0257FF319009415D5 /* Protocols.swift */,
			);
			path = Protocols;
			sourceTree = "<group>";
		};
		B649462725805E68009415D5 /* SuportingFiles */ = {
			isa = PBXGroup;
			children = (
				B64945B4257FAF02009415D5 /* SceneDelegate.swift */,
				B64945B2257FAF02009415D5 /* AppDelegate.swift */,
			);
			path = SuportingFiles;
			sourceTree = "<group>";
		};
		B649462F25805EC2009415D5 /* Models */ = {
			isa = PBXGroup;
			children = (
				B64945EB257FBCEF009415D5 /* MainScreenView.swift */,
			);
			path = Models;
			sourceTree = "<group>";
		};
		B649464425815A00009415D5 /* API */ = {
			isa = PBXGroup;
			children = (
				B649471B2587773D009415D5 /* Core */,
				B649471A25877732009415D5 /* Locations */,
				B64947192587772C009415D5 /* Episodes */,
				B649471825877720009415D5 /* Characters */,
				B64946E72586F010009415D5 /* Models */,
			);
			path = API;
			sourceTree = "<group>";
		};
		B64946E02586D5C0009415D5 /* API */ = {
			isa = PBXGroup;
			children = (
				B64946E12586D5EF009415D5 /* RickyAndMortyAPIClientSpec.swift */,
			);
			path = API;
			sourceTree = "<group>";
		};
		B64946E72586F010009415D5 /* Models */ = {
			isa = PBXGroup;
			children = (
				B64946362580E7C3009415D5 /* RickyAndMortyServiceResponse.swift */,
				B64946E82586F021009415D5 /* DataModelResponse.swift */,
			);
			path = Models;
			sourceTree = "<group>";
		};
		B649470625877637009415D5 /* Models */ = {
			isa = PBXGroup;
			children = (
				B649464425815A00009415D5 /* API */,
				B649462425805E2F009415D5 /* Protocols */,
				B649462725805E68009415D5 /* SuportingFiles */,
			);
			path = Models;
			sourceTree = "<group>";
		};
		B649470925877649009415D5 /* View */ = {
			isa = PBXGroup;
			children = (
				B649462F25805EC2009415D5 /* Models */,
			);
			path = View;
			sourceTree = "<group>";
		};
		B649470C258776AD009415D5 /* Controllers */ = {
			isa = PBXGroup;
			children = (
				B64945B6257FAF02009415D5 /* ViewController.swift */,
			);
			path = Controllers;
			sourceTree = "<group>";
		};
		B649471825877720009415D5 /* Characters */ = {
			isa = PBXGroup;
			children = (
				B64946322580E797009415D5 /* RickyAndMortyCharacterAPI.swift */,
				B64946EC2586F2B3009415D5 /* RickyAndMortyCharacterService.swift */,
			);
			path = Characters;
			sourceTree = "<group>";
		};
		B64947192587772C009415D5 /* Episodes */ = {
			isa = PBXGroup;
			children = (
				B649472A258777F7009415D5 /* RickyAndMortyEpisodeAPI.swift */,
				B649472E25877801009415D5 /* RickyAndMortyEpisodeService.swift */,
			);
			path = Episodes;
			sourceTree = "<group>";
		};
		B649471A25877732009415D5 /* Locations */ = {
			isa = PBXGroup;
			children = (
				B649471E258777B7009415D5 /* RickyAndMortyLocationAPI.swift */,
				B6494724258777DC009415D5 /* RickyAndMortyLocationService.swift */,
			);
			path = Locations;
			sourceTree = "<group>";
		};
		B649471B2587773D009415D5 /* Core */ = {
			isa = PBXGroup;
			children = (
				B64946AC2586AD08009415D5 /* APIError.swift */,
				B649464925815A23009415D5 /* APIResponse.swift */,
				B6494659258164B2009415D5 /* APIRoute.swift */,
				B64946A82586AC40009415D5 /* Errors.swift */,
				B649465125815BAF009415D5 /* JSON.swift */,
				B649465F25816841009415D5 /* Parser.swift */,
				B649464525815A12009415D5 /* RequestParams.swift */,
				B64946A22586A5CB009415D5 /* ResponseHandler.swift */,
				B649464D25815A38009415D5 /* Result.swift */,
				B649466C25816DA9009415D5 /* RickyAndMortyAPIClient.swift */,
				B64946B02586C846009415D5 /* RickyAndMortyAPIRoute.swift */,
			);
			path = Core;
			sourceTree = "<group>";
		};
/* End PBXGroup section */

/* Begin PBXNativeTarget section */
		B64945AE257FAF02009415D5 /* RickyAndMortyJames */ = {
			isa = PBXNativeTarget;
			buildConfigurationList = B64945D9257FAF08009415D5 /* Build configuration list for PBXNativeTarget "RickyAndMortyJames" */;
			buildPhases = (
				3E65CD452FB2D4DFE0CA214E /* [CP] Check Pods Manifest.lock */,
				B64945AB257FAF02009415D5 /* Sources */,
				B64945AC257FAF02009415D5 /* Frameworks */,
				B64945AD257FAF02009415D5 /* Resources */,
				A7D0887444E523A0B99ABAD3 /* [CP] Embed Pods Frameworks */,
			);
			buildRules = (
			);
			dependencies = (
			);
			name = RickyAndMortyJames;
			productName = RickyAndMortyJames;
			productReference = B64945AF257FAF02009415D5 /* RickyAndMortyJames.app */;
			productType = "com.apple.product-type.application";
		};
		B64945C4257FAF07009415D5 /* RickyAndMortyJamesTests */ = {
			isa = PBXNativeTarget;
			buildConfigurationList = B64945DC257FAF08009415D5 /* Build configuration list for PBXNativeTarget "RickyAndMortyJamesTests" */;
			buildPhases = (
				ABC5D55CA103DBD0F889B332 /* [CP] Check Pods Manifest.lock */,
				B64945C1257FAF07009415D5 /* Sources */,
				B64945C2257FAF07009415D5 /* Frameworks */,
				B64945C3257FAF07009415D5 /* Resources */,
			);
			buildRules = (
			);
			dependencies = (
				B64945C7257FAF07009415D5 /* PBXTargetDependency */,
			);
			name = RickyAndMortyJamesTests;
			productName = RickyAndMortyJamesTests;
			productReference = B64945C5257FAF07009415D5 /* RickyAndMortyJamesTests.xctest */;
			productType = "com.apple.product-type.bundle.unit-test";
		};
/* End PBXNativeTarget section */

/* Begin PBXProject section */
		B64945A7257FAF02009415D5 /* Project object */ = {
			isa = PBXProject;
			attributes = {
				LastSwiftUpdateCheck = 1220;
				LastUpgradeCheck = 1220;
				TargetAttributes = {
					B64945AE257FAF02009415D5 = {
						CreatedOnToolsVersion = 12.2;
					};
					B64945C4257FAF07009415D5 = {
						CreatedOnToolsVersion = 12.2;
						TestTargetID = B64945AE257FAF02009415D5;
					};
				};
			};
			buildConfigurationList = B64945AA257FAF02009415D5 /* Build configuration list for PBXProject "RickyAndMortyJames" */;
			compatibilityVersion = "Xcode 9.3";
			developmentRegion = en;
			hasScannedForEncodings = 0;
			knownRegions = (
				en,
				Base,
			);
			mainGroup = B64945A6257FAF02009415D5;
			productRefGroup = B64945B0257FAF02009415D5 /* Products */;
			projectDirPath = "";
			projectRoot = "";
			targets = (
				B64945AE257FAF02009415D5 /* RickyAndMortyJames */,
				B64945C4257FAF07009415D5 /* RickyAndMortyJamesTests */,
			);
		};
/* End PBXProject section */

/* Begin PBXResourcesBuildPhase section */
		B64945AD257FAF02009415D5 /* Resources */ = {
			isa = PBXResourcesBuildPhase;
			buildActionMask = 2147483647;
			files = (
				B64945BF257FAF07009415D5 /* LaunchScreen.storyboard in Resources */,
				B64945BC257FAF07009415D5 /* Assets.xcassets in Resources */,
			);
			runOnlyForDeploymentPostprocessing = 0;
		};
		B64945C3257FAF07009415D5 /* Resources */ = {
			isa = PBXResourcesBuildPhase;
			buildActionMask = 2147483647;
			files = (
			);
			runOnlyForDeploymentPostprocessing = 0;
		};
/* End PBXResourcesBuildPhase section */

/* Begin PBXShellScriptBuildPhase section */
		3E65CD452FB2D4DFE0CA214E /* [CP] Check Pods Manifest.lock */ = {
			isa = PBXShellScriptBuildPhase;
			buildActionMask = 2147483647;
			files = (
			);
			inputFileListPaths = (
			);
			inputPaths = (
				"${PODS_PODFILE_DIR_PATH}/Podfile.lock",
				"${PODS_ROOT}/Manifest.lock",
			);
			name = "[CP] Check Pods Manifest.lock";
			outputFileListPaths = (
			);
			outputPaths = (
				"$(DERIVED_FILE_DIR)/Pods-RickyAndMortyJames-checkManifestLockResult.txt",
			);
			runOnlyForDeploymentPostprocessing = 0;
			shellPath = /bin/sh;
			shellScript = "diff \"${PODS_PODFILE_DIR_PATH}/Podfile.lock\" \"${PODS_ROOT}/Manifest.lock\" > /dev/null\nif [ $? != 0 ] ; then\n    # print error to STDERR\n    echo \"error: The sandbox is not in sync with the Podfile.lock. Run 'pod install' or update your CocoaPods installation.\" >&2\n    exit 1\nfi\n# This output is used by Xcode 'outputs' to avoid re-running this script phase.\necho \"SUCCESS\" > \"${SCRIPT_OUTPUT_FILE_0}\"\n";
			showEnvVarsInLog = 0;
		};
		A7D0887444E523A0B99ABAD3 /* [CP] Embed Pods Frameworks */ = {
			isa = PBXShellScriptBuildPhase;
			buildActionMask = 2147483647;
			files = (
			);
			inputFileListPaths = (
				"${PODS_ROOT}/Target Support Files/Pods-RickyAndMortyJames/Pods-RickyAndMortyJames-frameworks-${CONFIGURATION}-input-files.xcfilelist",
			);
			name = "[CP] Embed Pods Frameworks";
			outputFileListPaths = (
				"${PODS_ROOT}/Target Support Files/Pods-RickyAndMortyJames/Pods-RickyAndMortyJames-frameworks-${CONFIGURATION}-output-files.xcfilelist",
			);
			runOnlyForDeploymentPostprocessing = 0;
			shellPath = /bin/sh;
			shellScript = "\"${PODS_ROOT}/Target Support Files/Pods-RickyAndMortyJames/Pods-RickyAndMortyJames-frameworks.sh\"\n";
			showEnvVarsInLog = 0;
		};
		ABC5D55CA103DBD0F889B332 /* [CP] Check Pods Manifest.lock */ = {
			isa = PBXShellScriptBuildPhase;
			buildActionMask = 2147483647;
			files = (
			);
			inputFileListPaths = (
			);
			inputPaths = (
				"${PODS_PODFILE_DIR_PATH}/Podfile.lock",
				"${PODS_ROOT}/Manifest.lock",
			);
			name = "[CP] Check Pods Manifest.lock";
			outputFileListPaths = (
			);
			outputPaths = (
				"$(DERIVED_FILE_DIR)/Pods-RickyAndMortyJamesTests-checkManifestLockResult.txt",
			);
			runOnlyForDeploymentPostprocessing = 0;
			shellPath = /bin/sh;
			shellScript = "diff \"${PODS_PODFILE_DIR_PATH}/Podfile.lock\" \"${PODS_ROOT}/Manifest.lock\" > /dev/null\nif [ $? != 0 ] ; then\n    # print error to STDERR\n    echo \"error: The sandbox is not in sync with the Podfile.lock. Run 'pod install' or update your CocoaPods installation.\" >&2\n    exit 1\nfi\n# This output is used by Xcode 'outputs' to avoid re-running this script phase.\necho \"SUCCESS\" > \"${SCRIPT_OUTPUT_FILE_0}\"\n";
			showEnvVarsInLog = 0;
		};
/* End PBXShellScriptBuildPhase section */

/* Begin PBXSourcesBuildPhase section */
		B64945AB257FAF02009415D5 /* Sources */ = {
			isa = PBXSourcesBuildPhase;
			buildActionMask = 2147483647;
			files = (
				B64945F1257FF319009415D5 /* Protocols.swift in Sources */,
				B64946B12586C846009415D5 /* RickyAndMortyAPIRoute.swift in Sources */,
				B64945B7257FAF02009415D5 /* ViewController.swift in Sources */,
				B64946332580E797009415D5 /* RickyAndMortyCharacterAPI.swift in Sources */,
				B64946E92586F022009415D5 /* DataModelResponse.swift in Sources */,
				B649472B258777F7009415D5 /* RickyAndMortyEpisodeAPI.swift in Sources */,
				B6494725258777DC009415D5 /* RickyAndMortyLocationService.swift in Sources */,
				B64946AD2586AD08009415D5 /* APIError.swift in Sources */,
				B649465A258164B2009415D5 /* APIRoute.swift in Sources */,
				B64946A92586AC40009415D5 /* Errors.swift in Sources */,
				B649466025816841009415D5 /* Parser.swift in Sources */,
				B649465225815BAF009415D5 /* JSON.swift in Sources */,
				B649466D25816DA9009415D5 /* RickyAndMortyAPIClient.swift in Sources */,
				B649471F258777B7009415D5 /* RickyAndMortyLocationAPI.swift in Sources */,
				B649464A25815A23009415D5 /* APIResponse.swift in Sources */,
				B64946A32586A5CB009415D5 /* ResponseHandler.swift in Sources */,
				B64945B3257FAF02009415D5 /* AppDelegate.swift in Sources */,
				B64946ED2586F2B3009415D5 /* RickyAndMortyCharacterService.swift in Sources */,
				B649472F25877801009415D5 /* RickyAndMortyEpisodeService.swift in Sources */,
				B64945B5257FAF02009415D5 /* SceneDelegate.swift in Sources */,
				B64946372580E7C3009415D5 /* RickyAndMortyServiceResponse.swift in Sources */,
				B64945EC257FBCEF009415D5 /* MainScreenView.swift in Sources */,
				B649464625815A12009415D5 /* RequestParams.swift in Sources */,
				B649464E25815A38009415D5 /* Result.swift in Sources */,
			);
			runOnlyForDeploymentPostprocessing = 0;
		};
		B64945C1257FAF07009415D5 /* Sources */ = {
			isa = PBXSourcesBuildPhase;
			buildActionMask = 2147483647;
			files = (
				B64946E22586D5F0009415D5 /* RickyAndMortyAPIClientSpec.swift in Sources */,
				B6494600258052C1009415D5 /* MainScreenViewSpec.swift in Sources */,
				B64945CA257FAF07009415D5 /* RickyAndMortyJamesTests.swift in Sources */,
			);
			runOnlyForDeploymentPostprocessing = 0;
		};
/* End PBXSourcesBuildPhase section */

/* Begin PBXTargetDependency section */
		B64945C7257FAF07009415D5 /* PBXTargetDependency */ = {
			isa = PBXTargetDependency;
			target = B64945AE257FAF02009415D5 /* RickyAndMortyJames */;
			targetProxy = B64945C6257FAF07009415D5 /* PBXContainerItemProxy */;
		};
/* End PBXTargetDependency section */

/* Begin PBXVariantGroup section */
		B64945BD257FAF07009415D5 /* LaunchScreen.storyboard */ = {
			isa = PBXVariantGroup;
			children = (
				B64945BE257FAF07009415D5 /* Base */,
			);
			name = LaunchScreen.storyboard;
			sourceTree = "<group>";
		};
/* End PBXVariantGroup section */

/* Begin XCBuildConfiguration section */
		B64945D7257FAF08009415D5 /* Debug */ = {
			isa = XCBuildConfiguration;
			buildSettings = {
				ALWAYS_SEARCH_USER_PATHS = NO;
				CLANG_ANALYZER_NONNULL = YES;
				CLANG_ANALYZER_NUMBER_OBJECT_CONVERSION = YES_AGGRESSIVE;
				CLANG_CXX_LANGUAGE_STANDARD = "gnu++14";
				CLANG_CXX_LIBRARY = "libc++";
				CLANG_ENABLE_MODULES = YES;
				CLANG_ENABLE_OBJC_ARC = YES;
				CLANG_ENABLE_OBJC_WEAK = YES;
				CLANG_WARN_BLOCK_CAPTURE_AUTORELEASING = YES;
				CLANG_WARN_BOOL_CONVERSION = YES;
				CLANG_WARN_COMMA = YES;
				CLANG_WARN_CONSTANT_CONVERSION = YES;
				CLANG_WARN_DEPRECATED_OBJC_IMPLEMENTATIONS = YES;
				CLANG_WARN_DIRECT_OBJC_ISA_USAGE = YES_ERROR;
				CLANG_WARN_DOCUMENTATION_COMMENTS = YES;
				CLANG_WARN_EMPTY_BODY = YES;
				CLANG_WARN_ENUM_CONVERSION = YES;
				CLANG_WARN_INFINITE_RECURSION = YES;
				CLANG_WARN_INT_CONVERSION = YES;
				CLANG_WARN_NON_LITERAL_NULL_CONVERSION = YES;
				CLANG_WARN_OBJC_IMPLICIT_RETAIN_SELF = YES;
				CLANG_WARN_OBJC_LITERAL_CONVERSION = YES;
				CLANG_WARN_OBJC_ROOT_CLASS = YES_ERROR;
				CLANG_WARN_QUOTED_INCLUDE_IN_FRAMEWORK_HEADER = YES;
				CLANG_WARN_RANGE_LOOP_ANALYSIS = YES;
				CLANG_WARN_STRICT_PROTOTYPES = YES;
				CLANG_WARN_SUSPICIOUS_MOVE = YES;
				CLANG_WARN_UNGUARDED_AVAILABILITY = YES_AGGRESSIVE;
				CLANG_WARN_UNREACHABLE_CODE = YES;
				CLANG_WARN__DUPLICATE_METHOD_MATCH = YES;
				COPY_PHASE_STRIP = NO;
				DEBUG_INFORMATION_FORMAT = dwarf;
				ENABLE_STRICT_OBJC_MSGSEND = YES;
				ENABLE_TESTABILITY = YES;
				GCC_C_LANGUAGE_STANDARD = gnu11;
				GCC_DYNAMIC_NO_PIC = NO;
				GCC_NO_COMMON_BLOCKS = YES;
				GCC_OPTIMIZATION_LEVEL = 0;
				GCC_PREPROCESSOR_DEFINITIONS = (
					"DEBUG=1",
					"$(inherited)",
				);
				GCC_WARN_64_TO_32_BIT_CONVERSION = YES;
				GCC_WARN_ABOUT_RETURN_TYPE = YES_ERROR;
				GCC_WARN_UNDECLARED_SELECTOR = YES;
				GCC_WARN_UNINITIALIZED_AUTOS = YES_AGGRESSIVE;
				GCC_WARN_UNUSED_FUNCTION = YES;
				GCC_WARN_UNUSED_VARIABLE = YES;
				IPHONEOS_DEPLOYMENT_TARGET = 14.2;
				MTL_ENABLE_DEBUG_INFO = INCLUDE_SOURCE;
				MTL_FAST_MATH = YES;
				ONLY_ACTIVE_ARCH = YES;
				SDKROOT = iphoneos;
				SWIFT_ACTIVE_COMPILATION_CONDITIONS = DEBUG;
				SWIFT_OPTIMIZATION_LEVEL = "-Onone";
			};
			name = Debug;
		};
		B64945D8257FAF08009415D5 /* Release */ = {
			isa = XCBuildConfiguration;
			buildSettings = {
				ALWAYS_SEARCH_USER_PATHS = NO;
				CLANG_ANALYZER_NONNULL = YES;
				CLANG_ANALYZER_NUMBER_OBJECT_CONVERSION = YES_AGGRESSIVE;
				CLANG_CXX_LANGUAGE_STANDARD = "gnu++14";
				CLANG_CXX_LIBRARY = "libc++";
				CLANG_ENABLE_MODULES = YES;
				CLANG_ENABLE_OBJC_ARC = YES;
				CLANG_ENABLE_OBJC_WEAK = YES;
				CLANG_WARN_BLOCK_CAPTURE_AUTORELEASING = YES;
				CLANG_WARN_BOOL_CONVERSION = YES;
				CLANG_WARN_COMMA = YES;
				CLANG_WARN_CONSTANT_CONVERSION = YES;
				CLANG_WARN_DEPRECATED_OBJC_IMPLEMENTATIONS = YES;
				CLANG_WARN_DIRECT_OBJC_ISA_USAGE = YES_ERROR;
				CLANG_WARN_DOCUMENTATION_COMMENTS = YES;
				CLANG_WARN_EMPTY_BODY = YES;
				CLANG_WARN_ENUM_CONVERSION = YES;
				CLANG_WARN_INFINITE_RECURSION = YES;
				CLANG_WARN_INT_CONVERSION = YES;
				CLANG_WARN_NON_LITERAL_NULL_CONVERSION = YES;
				CLANG_WARN_OBJC_IMPLICIT_RETAIN_SELF = YES;
				CLANG_WARN_OBJC_LITERAL_CONVERSION = YES;
				CLANG_WARN_OBJC_ROOT_CLASS = YES_ERROR;
				CLANG_WARN_QUOTED_INCLUDE_IN_FRAMEWORK_HEADER = YES;
				CLANG_WARN_RANGE_LOOP_ANALYSIS = YES;
				CLANG_WARN_STRICT_PROTOTYPES = YES;
				CLANG_WARN_SUSPICIOUS_MOVE = YES;
				CLANG_WARN_UNGUARDED_AVAILABILITY = YES_AGGRESSIVE;
				CLANG_WARN_UNREACHABLE_CODE = YES;
				CLANG_WARN__DUPLICATE_METHOD_MATCH = YES;
				COPY_PHASE_STRIP = NO;
				DEBUG_INFORMATION_FORMAT = "dwarf-with-dsym";
				ENABLE_NS_ASSERTIONS = NO;
				ENABLE_STRICT_OBJC_MSGSEND = YES;
				GCC_C_LANGUAGE_STANDARD = gnu11;
				GCC_NO_COMMON_BLOCKS = YES;
				GCC_WARN_64_TO_32_BIT_CONVERSION = YES;
				GCC_WARN_ABOUT_RETURN_TYPE = YES_ERROR;
				GCC_WARN_UNDECLARED_SELECTOR = YES;
				GCC_WARN_UNINITIALIZED_AUTOS = YES_AGGRESSIVE;
				GCC_WARN_UNUSED_FUNCTION = YES;
				GCC_WARN_UNUSED_VARIABLE = YES;
				IPHONEOS_DEPLOYMENT_TARGET = 14.2;
				MTL_ENABLE_DEBUG_INFO = NO;
				MTL_FAST_MATH = YES;
				SDKROOT = iphoneos;
				SWIFT_COMPILATION_MODE = wholemodule;
				SWIFT_OPTIMIZATION_LEVEL = "-O";
				VALIDATE_PRODUCT = YES;
			};
			name = Release;
		};
		B64945DA257FAF08009415D5 /* Debug */ = {
			isa = XCBuildConfiguration;
			baseConfigurationReference = 11B44EF4967B12BED219A138 /* Pods-RickyAndMortyJames.debug.xcconfig */;
			buildSettings = {
				ASSETCATALOG_COMPILER_APPICON_NAME = AppIcon;
				ASSETCATALOG_COMPILER_GLOBAL_ACCENT_COLOR_NAME = AccentColor;
				CODE_SIGN_STYLE = Automatic;
				DEVELOPMENT_TEAM = 792V77RLPU;
				INFOPLIST_FILE = RickyAndMortyJames/Info.plist;
				LD_RUNPATH_SEARCH_PATHS = (
					"$(inherited)",
					"@executable_path/Frameworks",
				);
				PRODUCT_BUNDLE_IDENTIFIER = com.RickyAndMortyJames;
				PRODUCT_NAME = "$(TARGET_NAME)";
				SWIFT_VERSION = 5.0;
				TARGETED_DEVICE_FAMILY = "1,2";
			};
			name = Debug;
		};
		B64945DB257FAF08009415D5 /* Release */ = {
			isa = XCBuildConfiguration;
			baseConfigurationReference = 6F00715543CFA3DCC5E10AC1 /* Pods-RickyAndMortyJames.release.xcconfig */;
			buildSettings = {
				ASSETCATALOG_COMPILER_APPICON_NAME = AppIcon;
				ASSETCATALOG_COMPILER_GLOBAL_ACCENT_COLOR_NAME = AccentColor;
				CODE_SIGN_STYLE = Automatic;
				DEVELOPMENT_TEAM = 792V77RLPU;
				INFOPLIST_FILE = RickyAndMortyJames/Info.plist;
				LD_RUNPATH_SEARCH_PATHS = (
					"$(inherited)",
					"@executable_path/Frameworks",
				);
				PRODUCT_BUNDLE_IDENTIFIER = com.RickyAndMortyJames;
				PRODUCT_NAME = "$(TARGET_NAME)";
				SWIFT_VERSION = 5.0;
				TARGETED_DEVICE_FAMILY = "1,2";
			};
			name = Release;
		};
		B64945DD257FAF08009415D5 /* Debug */ = {
			isa = XCBuildConfiguration;
			baseConfigurationReference = 1165B2AEE53BF0E1D0EA875F /* Pods-RickyAndMortyJamesTests.debug.xcconfig */;
			buildSettings = {
				ALWAYS_EMBED_SWIFT_STANDARD_LIBRARIES = YES;
				BUNDLE_LOADER = "$(TEST_HOST)";
				CODE_SIGN_STYLE = Automatic;
				DEVELOPMENT_TEAM = 792V77RLPU;
				INFOPLIST_FILE = RickyAndMortyJamesTests/Info.plist;
				IPHONEOS_DEPLOYMENT_TARGET = 14.2;
				LD_RUNPATH_SEARCH_PATHS = (
					"$(inherited)",
					"@executable_path/Frameworks",
					"@loader_path/Frameworks",
				);
				PRODUCT_BUNDLE_IDENTIFIER = com.RickyAndMortyJamesTests;
				PRODUCT_NAME = "$(TARGET_NAME)";
				SWIFT_VERSION = 5.0;
				TARGETED_DEVICE_FAMILY = "1,2";
				TEST_HOST = "$(BUILT_PRODUCTS_DIR)/RickyAndMortyJames.app/RickyAndMortyJames";
			};
			name = Debug;
		};
		B64945DE257FAF08009415D5 /* Release */ = {
			isa = XCBuildConfiguration;
			baseConfigurationReference = A4443D97FEBAA80C5FC9ED1E /* Pods-RickyAndMortyJamesTests.release.xcconfig */;
			buildSettings = {
				ALWAYS_EMBED_SWIFT_STANDARD_LIBRARIES = YES;
				BUNDLE_LOADER = "$(TEST_HOST)";
				CODE_SIGN_STYLE = Automatic;
				DEVELOPMENT_TEAM = 792V77RLPU;
				INFOPLIST_FILE = RickyAndMortyJamesTests/Info.plist;
				IPHONEOS_DEPLOYMENT_TARGET = 14.2;
				LD_RUNPATH_SEARCH_PATHS = (
					"$(inherited)",
					"@executable_path/Frameworks",
					"@loader_path/Frameworks",
				);
				PRODUCT_BUNDLE_IDENTIFIER = com.RickyAndMortyJamesTests;
				PRODUCT_NAME = "$(TARGET_NAME)";
				SWIFT_VERSION = 5.0;
				TARGETED_DEVICE_FAMILY = "1,2";
				TEST_HOST = "$(BUILT_PRODUCTS_DIR)/RickyAndMortyJames.app/RickyAndMortyJames";
			};
			name = Release;
		};
/* End XCBuildConfiguration section */

/* Begin XCConfigurationList section */
		B64945AA257FAF02009415D5 /* Build configuration list for PBXProject "RickyAndMortyJames" */ = {
			isa = XCConfigurationList;
			buildConfigurations = (
				B64945D7257FAF08009415D5 /* Debug */,
				B64945D8257FAF08009415D5 /* Release */,
			);
			defaultConfigurationIsVisible = 0;
			defaultConfigurationName = Release;
		};
		B64945D9257FAF08009415D5 /* Build configuration list for PBXNativeTarget "RickyAndMortyJames" */ = {
			isa = XCConfigurationList;
			buildConfigurations = (
				B64945DA257FAF08009415D5 /* Debug */,
				B64945DB257FAF08009415D5 /* Release */,
			);
			defaultConfigurationIsVisible = 0;
			defaultConfigurationName = Release;
		};
		B64945DC257FAF08009415D5 /* Build configuration list for PBXNativeTarget "RickyAndMortyJamesTests" */ = {
			isa = XCConfigurationList;
			buildConfigurations = (
				B64945DD257FAF08009415D5 /* Debug */,
				B64945DE257FAF08009415D5 /* Release */,
			);
			defaultConfigurationIsVisible = 0;
			defaultConfigurationName = Release;
		};
/* End XCConfigurationList section */
	};
	rootObject = B64945A7257FAF02009415D5 /* Project object */;
}
